// !$*UTF8*$!
{
	archiveVersion = 1;
	classes = {
	};
	objectVersion = 55;
	objects = {

/* Begin PBXBuildFile section */
		024B3E632923AD0500D79A04 /* ReactorKitPracticeViewController.swift in Sources */ = {isa = PBXBuildFile; fileRef = 024B3E622923AD0500D79A04 /* ReactorKitPracticeViewController.swift */; };
		024B3E682923B24500D79A04 /* ReactorKitPracticeReactor.swift in Sources */ = {isa = PBXBuildFile; fileRef = 024B3E672923B24500D79A04 /* ReactorKitPracticeReactor.swift */; };
		02612D9A291E7A8300E9C36E /* MyStorageTableVIewController.swift in Sources */ = {isa = PBXBuildFile; fileRef = 02612D99291E7A8300E9C36E /* MyStorageTableVIewController.swift */; };
		02612D9C291E7C3000E9C36E /* MyStorageTableView.swift in Sources */ = {isa = PBXBuildFile; fileRef = 02612D9B291E7C3000E9C36E /* MyStorageTableView.swift */; };
		02612D9F291E7C6B00E9C36E /* MyStorageCell.swift in Sources */ = {isa = PBXBuildFile; fileRef = 02612D9E291E7C6B00E9C36E /* MyStorageCell.swift */; };
		02612DA2291E7E6300E9C36E /* StorageInfo.swift in Sources */ = {isa = PBXBuildFile; fileRef = 02612DA1291E7E6300E9C36E /* StorageInfo.swift */; };
		02612DA4291FAC5300E9C36E /* MyStorageTableViewHeader.swift in Sources */ = {isa = PBXBuildFile; fileRef = 02612DA3291FAC5200E9C36E /* MyStorageTableViewHeader.swift */; };
		02612DA6291FBB2C00E9C36E /* MyStorageCellReactor.swift in Sources */ = {isa = PBXBuildFile; fileRef = 02612DA5291FBB2C00E9C36E /* MyStorageCellReactor.swift */; };
		0267DBE529161CB300F257AD /* AutoSizingContainerView.swift in Sources */ = {isa = PBXBuildFile; fileRef = 0267DBE429161CB300F257AD /* AutoSizingContainerView.swift */; };
		0267DBE7291680A800F257AD /* AutoSizingView.swift in Sources */ = {isa = PBXBuildFile; fileRef = 0267DBE6291680A800F257AD /* AutoSizingView.swift */; };
		0267DBE9291681B200F257AD /* ContentService.swift in Sources */ = {isa = PBXBuildFile; fileRef = 0267DBE8291681B200F257AD /* ContentService.swift */; };
		0267DBF32917F27800F257AD /* HomeViewController.swift in Sources */ = {isa = PBXBuildFile; fileRef = 0267DBF22917F27800F257AD /* HomeViewController.swift */; };
		0267DBF62917F2C600F257AD /* HomeRootContainerView.swift in Sources */ = {isa = PBXBuildFile; fileRef = 0267DBF52917F2C600F257AD /* HomeRootContainerView.swift */; };
		0267DBF82917F42200F257AD /* HomeContentView.swift in Sources */ = {isa = PBXBuildFile; fileRef = 0267DBF72917F42200F257AD /* HomeContentView.swift */; };
		0267DBFE2918011400F257AD /* HomeReactor.swift in Sources */ = {isa = PBXBuildFile; fileRef = 0267DBFD2918011400F257AD /* HomeReactor.swift */; };
		02A38A3C291413E800B02951 /* MyStorageReactor.swift in Sources */ = {isa = PBXBuildFile; fileRef = 02A38A3B291413E800B02951 /* MyStorageReactor.swift */; };
		02B9F79B290ED416005973AE /* AppDelegate.swift in Sources */ = {isa = PBXBuildFile; fileRef = 02B9F79A290ED416005973AE /* AppDelegate.swift */; };
		02B9F79D290ED416005973AE /* SceneDelegate.swift in Sources */ = {isa = PBXBuildFile; fileRef = 02B9F79C290ED416005973AE /* SceneDelegate.swift */; };
		02B9F79F290ED416005973AE /* ViewController.swift in Sources */ = {isa = PBXBuildFile; fileRef = 02B9F79E290ED416005973AE /* ViewController.swift */; };
		02B9F7A4290ED417005973AE /* Assets.xcassets in Resources */ = {isa = PBXBuildFile; fileRef = 02B9F7A3290ED417005973AE /* Assets.xcassets */; };
		02B9F7A7290ED417005973AE /* LaunchScreen.storyboard in Resources */ = {isa = PBXBuildFile; fileRef = 02B9F7A5290ED417005973AE /* LaunchScreen.storyboard */; };
		02C53F1E29115D6C00974031 /* ProtocolManager.swift in Sources */ = {isa = PBXBuildFile; fileRef = 02C53F1D29115D6C00974031 /* ProtocolManager.swift */; };
		02C53F2029115DC900974031 /* Deleveloper_ReadMe in Resources */ = {isa = PBXBuildFile; fileRef = 02C53F1F29115DC900974031 /* Deleveloper_ReadMe */; };
		02C53F2229115F8F00974031 /* UserSettingViewController.swift in Sources */ = {isa = PBXBuildFile; fileRef = 02C53F2129115F8F00974031 /* UserSettingViewController.swift */; };
		02C53F252911613400974031 /* PropertyWrapper.swift in Sources */ = {isa = PBXBuildFile; fileRef = 02C53F242911613400974031 /* PropertyWrapper.swift */; };
		7D0D271D87E4B365041121CF /* Pods_WhatsInMyStorage.framework in Frameworks */ = {isa = PBXBuildFile; fileRef = 7F71AA309FA31E624901F322 /* Pods_WhatsInMyStorage.framework */; };
/* End PBXBuildFile section */

/* Begin PBXFileReference section */
		024B3E622923AD0500D79A04 /* ReactorKitPracticeViewController.swift */ = {isa = PBXFileReference; lastKnownFileType = sourcecode.swift; path = ReactorKitPracticeViewController.swift; sourceTree = "<group>"; };
		024B3E672923B24500D79A04 /* ReactorKitPracticeReactor.swift */ = {isa = PBXFileReference; lastKnownFileType = sourcecode.swift; path = ReactorKitPracticeReactor.swift; sourceTree = "<group>"; };
		02612D99291E7A8300E9C36E /* MyStorageTableVIewController.swift */ = {isa = PBXFileReference; lastKnownFileType = sourcecode.swift; path = MyStorageTableVIewController.swift; sourceTree = "<group>"; };
		02612D9B291E7C3000E9C36E /* MyStorageTableView.swift */ = {isa = PBXFileReference; lastKnownFileType = sourcecode.swift; path = MyStorageTableView.swift; sourceTree = "<group>"; };
		02612D9E291E7C6B00E9C36E /* MyStorageCell.swift */ = {isa = PBXFileReference; lastKnownFileType = sourcecode.swift; path = MyStorageCell.swift; sourceTree = "<group>"; };
		02612DA1291E7E6300E9C36E /* StorageInfo.swift */ = {isa = PBXFileReference; lastKnownFileType = sourcecode.swift; path = StorageInfo.swift; sourceTree = "<group>"; };
		02612DA3291FAC5200E9C36E /* MyStorageTableViewHeader.swift */ = {isa = PBXFileReference; lastKnownFileType = sourcecode.swift; path = MyStorageTableViewHeader.swift; sourceTree = "<group>"; };
		02612DA5291FBB2C00E9C36E /* MyStorageCellReactor.swift */ = {isa = PBXFileReference; lastKnownFileType = sourcecode.swift; path = MyStorageCellReactor.swift; sourceTree = "<group>"; };
		0267DBE429161CB300F257AD /* AutoSizingContainerView.swift */ = {isa = PBXFileReference; lastKnownFileType = sourcecode.swift; path = AutoSizingContainerView.swift; sourceTree = "<group>"; };
		0267DBE6291680A800F257AD /* AutoSizingView.swift */ = {isa = PBXFileReference; lastKnownFileType = sourcecode.swift; path = AutoSizingView.swift; sourceTree = "<group>"; };
		0267DBE8291681B200F257AD /* ContentService.swift */ = {isa = PBXFileReference; lastKnownFileType = sourcecode.swift; path = ContentService.swift; sourceTree = "<group>"; };
		0267DBF22917F27800F257AD /* HomeViewController.swift */ = {isa = PBXFileReference; lastKnownFileType = sourcecode.swift; path = HomeViewController.swift; sourceTree = "<group>"; };
		0267DBF52917F2C600F257AD /* HomeRootContainerView.swift */ = {isa = PBXFileReference; lastKnownFileType = sourcecode.swift; path = HomeRootContainerView.swift; sourceTree = "<group>"; };
		0267DBF72917F42200F257AD /* HomeContentView.swift */ = {isa = PBXFileReference; lastKnownFileType = sourcecode.swift; path = HomeContentView.swift; sourceTree = "<group>"; };
		0267DBFD2918011400F257AD /* HomeReactor.swift */ = {isa = PBXFileReference; lastKnownFileType = sourcecode.swift; path = HomeReactor.swift; sourceTree = "<group>"; };
		02A38A3B291413E800B02951 /* MyStorageReactor.swift */ = {isa = PBXFileReference; lastKnownFileType = sourcecode.swift; path = MyStorageReactor.swift; sourceTree = "<group>"; };
		02B9F797290ED416005973AE /* WhatsInMyStorage.app */ = {isa = PBXFileReference; explicitFileType = wrapper.application; includeInIndex = 0; path = WhatsInMyStorage.app; sourceTree = BUILT_PRODUCTS_DIR; };
		02B9F79A290ED416005973AE /* AppDelegate.swift */ = {isa = PBXFileReference; lastKnownFileType = sourcecode.swift; path = AppDelegate.swift; sourceTree = "<group>"; };
		02B9F79C290ED416005973AE /* SceneDelegate.swift */ = {isa = PBXFileReference; lastKnownFileType = sourcecode.swift; path = SceneDelegate.swift; sourceTree = "<group>"; };
		02B9F79E290ED416005973AE /* ViewController.swift */ = {isa = PBXFileReference; lastKnownFileType = sourcecode.swift; path = ViewController.swift; sourceTree = "<group>"; };
		02B9F7A3290ED417005973AE /* Assets.xcassets */ = {isa = PBXFileReference; lastKnownFileType = folder.assetcatalog; path = Assets.xcassets; sourceTree = "<group>"; };
		02B9F7A6290ED417005973AE /* Base */ = {isa = PBXFileReference; lastKnownFileType = file.storyboard; name = Base; path = Base.lproj/LaunchScreen.storyboard; sourceTree = "<group>"; };
		02B9F7A8290ED417005973AE /* Info.plist */ = {isa = PBXFileReference; lastKnownFileType = text.plist.xml; path = Info.plist; sourceTree = "<group>"; };
		02C53F1D29115D6C00974031 /* ProtocolManager.swift */ = {isa = PBXFileReference; lastKnownFileType = sourcecode.swift; path = ProtocolManager.swift; sourceTree = "<group>"; };
		02C53F1F29115DC900974031 /* Deleveloper_ReadMe */ = {isa = PBXFileReference; lastKnownFileType = text; path = Deleveloper_ReadMe; sourceTree = "<group>"; };
		02C53F2129115F8F00974031 /* UserSettingViewController.swift */ = {isa = PBXFileReference; lastKnownFileType = sourcecode.swift; path = UserSettingViewController.swift; sourceTree = "<group>"; };
		02C53F242911613400974031 /* PropertyWrapper.swift */ = {isa = PBXFileReference; lastKnownFileType = sourcecode.swift; path = PropertyWrapper.swift; sourceTree = "<group>"; };
		633F9053CDFD8CEE9D1D27A8 /* Pods-WhatsInMyStorage.debug.xcconfig */ = {isa = PBXFileReference; includeInIndex = 1; lastKnownFileType = text.xcconfig; name = "Pods-WhatsInMyStorage.debug.xcconfig"; path = "Target Support Files/Pods-WhatsInMyStorage/Pods-WhatsInMyStorage.debug.xcconfig"; sourceTree = "<group>"; };
		7F71AA309FA31E624901F322 /* Pods_WhatsInMyStorage.framework */ = {isa = PBXFileReference; explicitFileType = wrapper.framework; includeInIndex = 0; path = Pods_WhatsInMyStorage.framework; sourceTree = BUILT_PRODUCTS_DIR; };
		8AACA4092C3EC7BC2CB272E2 /* Pods-WhatsInMyStorage.release.xcconfig */ = {isa = PBXFileReference; includeInIndex = 1; lastKnownFileType = text.xcconfig; name = "Pods-WhatsInMyStorage.release.xcconfig"; path = "Target Support Files/Pods-WhatsInMyStorage/Pods-WhatsInMyStorage.release.xcconfig"; sourceTree = "<group>"; };
/* End PBXFileReference section */

/* Begin PBXFrameworksBuildPhase section */
		02B9F794290ED416005973AE /* Frameworks */ = {
			isa = PBXFrameworksBuildPhase;
			buildActionMask = 2147483647;
			files = (
				7D0D271D87E4B365041121CF /* Pods_WhatsInMyStorage.framework in Frameworks */,
			);
			runOnlyForDeploymentPostprocessing = 0;
		};
/* End PBXFrameworksBuildPhase section */

/* Begin PBXGroup section */
		024B3E642923AD0900D79A04 /* ReactorKitPractice */ = {
			isa = PBXGroup;
			children = (
				024B3E622923AD0500D79A04 /* ReactorKitPracticeViewController.swift */,
				024B3E672923B24500D79A04 /* ReactorKitPracticeReactor.swift */,
			);
			path = ReactorKitPractice;
			sourceTree = "<group>";
		};
		02612D9D291E7C5B00E9C36E /* Cell */ = {
			isa = PBXGroup;
			children = (
				02612D9E291E7C6B00E9C36E /* MyStorageCell.swift */,
				02612DA3291FAC5200E9C36E /* MyStorageTableViewHeader.swift */,
			);
			path = Cell;
			sourceTree = "<group>";
		};
		02612DA0291E7E5600E9C36E /* Data */ = {
			isa = PBXGroup;
			children = (
				02612DA1291E7E6300E9C36E /* StorageInfo.swift */,
			);
			path = Data;
			sourceTree = "<group>";
		};
		0267DBE329161CA500F257AD /* View */ = {
			isa = PBXGroup;
			children = (
				0267DBE429161CB300F257AD /* AutoSizingContainerView.swift */,
				0267DBE6291680A800F257AD /* AutoSizingView.swift */,
			);
			path = View;
			sourceTree = "<group>";
		};
		0267DBEC2916951F00F257AD /* View */ = {
			isa = PBXGroup;
			children = (
				02612D9B291E7C3000E9C36E /* MyStorageTableView.swift */,
			);
			path = View;
			sourceTree = "<group>";
		};
		0267DBF12917F26A00F257AD /* Home */ = {
			isa = PBXGroup;
			children = (
				0267DBFC2918010900F257AD /* Reactor */,
				0267DBF42917F2B400F257AD /* View */,
				0267DBF22917F27800F257AD /* HomeViewController.swift */,
			);
			path = Home;
			sourceTree = "<group>";
		};
		0267DBF42917F2B400F257AD /* View */ = {
			isa = PBXGroup;
			children = (
				0267DBF52917F2C600F257AD /* HomeRootContainerView.swift */,
				0267DBF72917F42200F257AD /* HomeContentView.swift */,
			);
			path = View;
			sourceTree = "<group>";
		};
		0267DBFC2918010900F257AD /* Reactor */ = {
			isa = PBXGroup;
			children = (
				0267DBFD2918011400F257AD /* HomeReactor.swift */,
			);
			path = Reactor;
			sourceTree = "<group>";
		};
		02A38A3A291413DC00B02951 /* Reactor */ = {
			isa = PBXGroup;
			children = (
				02612DA5291FBB2C00E9C36E /* MyStorageCellReactor.swift */,
				02A38A3B291413E800B02951 /* MyStorageReactor.swift */,
			);
			path = Reactor;
			sourceTree = "<group>";
		};
		02B9F78E290ED416005973AE = {
			isa = PBXGroup;
			children = (
				02C53F1F29115DC900974031 /* Deleveloper_ReadMe */,
				02B9F799290ED416005973AE /* WhatsInMyStorage */,
				02B9F798290ED416005973AE /* Products */,
				2BF392032F7FBDA13F4AA734 /* Pods */,
				557327A490CFA279E5A6D659 /* Frameworks */,
			);
			sourceTree = "<group>";
		};
		02B9F798290ED416005973AE /* Products */ = {
			isa = PBXGroup;
			children = (
				02B9F797290ED416005973AE /* WhatsInMyStorage.app */,
			);
			name = Products;
			sourceTree = "<group>";
		};
		02B9F799290ED416005973AE /* WhatsInMyStorage */ = {
			isa = PBXGroup;
			children = (
				024B3E642923AD0900D79A04 /* ReactorKitPractice */,
				0267DBF12917F26A00F257AD /* Home */,
				02C53F232911612900974031 /* PropertyWrapper */,
				02C53F1C29115C7C00974031 /* Protocol */,
				02C53F1929115B2200974031 /* Setting */,
				02C53F1829115B1900974031 /* Storage */,
				02B9F79A290ED416005973AE /* AppDelegate.swift */,
				02B9F79C290ED416005973AE /* SceneDelegate.swift */,
				02B9F79E290ED416005973AE /* ViewController.swift */,
				02B9F7A3290ED417005973AE /* Assets.xcassets */,
				02B9F7A5290ED417005973AE /* LaunchScreen.storyboard */,
				02B9F7A8290ED417005973AE /* Info.plist */,
				0267DBE8291681B200F257AD /* ContentService.swift */,
			);
			path = WhatsInMyStorage;
			sourceTree = "<group>";
		};
		02C53F1829115B1900974031 /* Storage */ = {
			isa = PBXGroup;
			children = (
				02612DA0291E7E5600E9C36E /* Data */,
				02612D9D291E7C5B00E9C36E /* Cell */,
				0267DBEC2916951F00F257AD /* View */,
				02A38A3A291413DC00B02951 /* Reactor */,
				02612D99291E7A8300E9C36E /* MyStorageTableVIewController.swift */,
			);
			path = Storage;
			sourceTree = "<group>";
		};
		02C53F1929115B2200974031 /* Setting */ = {
			isa = PBXGroup;
			children = (
				0267DBE329161CA500F257AD /* View */,
				02C53F2129115F8F00974031 /* UserSettingViewController.swift */,
			);
			path = Setting;
			sourceTree = "<group>";
		};
		02C53F1C29115C7C00974031 /* Protocol */ = {
			isa = PBXGroup;
			children = (
				02C53F1D29115D6C00974031 /* ProtocolManager.swift */,
			);
			path = Protocol;
			sourceTree = "<group>";
		};
		02C53F232911612900974031 /* PropertyWrapper */ = {
			isa = PBXGroup;
			children = (
				02C53F242911613400974031 /* PropertyWrapper.swift */,
			);
			path = PropertyWrapper;
			sourceTree = "<group>";
		};
		2BF392032F7FBDA13F4AA734 /* Pods */ = {
			isa = PBXGroup;
			children = (
				633F9053CDFD8CEE9D1D27A8 /* Pods-WhatsInMyStorage.debug.xcconfig */,
				8AACA4092C3EC7BC2CB272E2 /* Pods-WhatsInMyStorage.release.xcconfig */,
			);
			path = Pods;
			sourceTree = "<group>";
		};
		557327A490CFA279E5A6D659 /* Frameworks */ = {
			isa = PBXGroup;
			children = (
				7F71AA309FA31E624901F322 /* Pods_WhatsInMyStorage.framework */,
			);
			name = Frameworks;
			sourceTree = "<group>";
		};
/* End PBXGroup section */

/* Begin PBXNativeTarget section */
		02B9F796290ED416005973AE /* WhatsInMyStorage */ = {
			isa = PBXNativeTarget;
			buildConfigurationList = 02B9F7AB290ED417005973AE /* Build configuration list for PBXNativeTarget "WhatsInMyStorage" */;
			buildPhases = (
				100204628A4BC0D7D9873D80 /* [CP] Check Pods Manifest.lock */,
				02B9F793290ED416005973AE /* Sources */,
				02B9F794290ED416005973AE /* Frameworks */,
				02B9F795290ED416005973AE /* Resources */,
				40B89BB0A09864817BD6BAE2 /* [CP] Embed Pods Frameworks */,
			);
			buildRules = (
			);
			dependencies = (
			);
			name = WhatsInMyStorage;
			packageProductDependencies = (
			);
			productName = WhatsInMyStorage;
			productReference = 02B9F797290ED416005973AE /* WhatsInMyStorage.app */;
			productType = "com.apple.product-type.application";
		};
/* End PBXNativeTarget section */

/* Begin PBXProject section */
		02B9F78F290ED416005973AE /* Project object */ = {
			isa = PBXProject;
			attributes = {
				BuildIndependentTargetsInParallel = 1;
				LastSwiftUpdateCheck = 1400;
				LastUpgradeCheck = 1400;
				TargetAttributes = {
					02B9F796290ED416005973AE = {
						CreatedOnToolsVersion = 14.0.1;
					};
				};
			};
			buildConfigurationList = 02B9F792290ED416005973AE /* Build configuration list for PBXProject "WhatsInMyStorage" */;
			compatibilityVersion = "Xcode 13.0";
			developmentRegion = en;
			hasScannedForEncodings = 0;
			knownRegions = (
				en,
				Base,
			);
			mainGroup = 02B9F78E290ED416005973AE;
			packageReferences = (
				02C53F262912D54300974031 /* XCRemoteSwiftPackageReference "PinLayout" */,
				02C53F292912D63D00974031 /* XCRemoteSwiftPackageReference "Then" */,
				02C53F2C2912D9B100974031 /* XCRemoteSwiftPackageReference "FlexLayout" */,
			);
			productRefGroup = 02B9F798290ED416005973AE /* Products */;
			projectDirPath = "";
			projectRoot = "";
			targets = (
				02B9F796290ED416005973AE /* WhatsInMyStorage */,
			);
		};
/* End PBXProject section */

/* Begin PBXResourcesBuildPhase section */
		02B9F795290ED416005973AE /* Resources */ = {
			isa = PBXResourcesBuildPhase;
			buildActionMask = 2147483647;
			files = (
				02C53F2029115DC900974031 /* Deleveloper_ReadMe in Resources */,
				02B9F7A7290ED417005973AE /* LaunchScreen.storyboard in Resources */,
				02B9F7A4290ED417005973AE /* Assets.xcassets in Resources */,
			);
			runOnlyForDeploymentPostprocessing = 0;
		};
/* End PBXResourcesBuildPhase section */

/* Begin PBXShellScriptBuildPhase section */
		100204628A4BC0D7D9873D80 /* [CP] Check Pods Manifest.lock */ = {
			isa = PBXShellScriptBuildPhase;
			buildActionMask = 2147483647;
			files = (
			);
			inputFileListPaths = (
			);
			inputPaths = (
				"${PODS_PODFILE_DIR_PATH}/Podfile.lock",
				"${PODS_ROOT}/Manifest.lock",
			);
			name = "[CP] Check Pods Manifest.lock";
			outputFileListPaths = (
			);
			outputPaths = (
				"$(DERIVED_FILE_DIR)/Pods-WhatsInMyStorage-checkManifestLockResult.txt",
			);
			runOnlyForDeploymentPostprocessing = 0;
			shellPath = /bin/sh;
			shellScript = "diff \"${PODS_PODFILE_DIR_PATH}/Podfile.lock\" \"${PODS_ROOT}/Manifest.lock\" > /dev/null\nif [ $? != 0 ] ; then\n    # print error to STDERR\n    echo \"error: The sandbox is not in sync with the Podfile.lock. Run 'pod install' or update your CocoaPods installation.\" >&2\n    exit 1\nfi\n# This output is used by Xcode 'outputs' to avoid re-running this script phase.\necho \"SUCCESS\" > \"${SCRIPT_OUTPUT_FILE_0}\"\n";
			showEnvVarsInLog = 0;
		};
		40B89BB0A09864817BD6BAE2 /* [CP] Embed Pods Frameworks */ = {
			isa = PBXShellScriptBuildPhase;
			buildActionMask = 2147483647;
			files = (
			);
			inputFileListPaths = (
				"${PODS_ROOT}/Target Support Files/Pods-WhatsInMyStorage/Pods-WhatsInMyStorage-frameworks-${CONFIGURATION}-input-files.xcfilelist",
			);
			name = "[CP] Embed Pods Frameworks";
			outputFileListPaths = (
				"${PODS_ROOT}/Target Support Files/Pods-WhatsInMyStorage/Pods-WhatsInMyStorage-frameworks-${CONFIGURATION}-output-files.xcfilelist",
			);
			runOnlyForDeploymentPostprocessing = 0;
			shellPath = /bin/sh;
			shellScript = "\"${PODS_ROOT}/Target Support Files/Pods-WhatsInMyStorage/Pods-WhatsInMyStorage-frameworks.sh\"\n";
			showEnvVarsInLog = 0;
		};
/* End PBXShellScriptBuildPhase section */

/* Begin PBXSourcesBuildPhase section */
		02B9F793290ED416005973AE /* Sources */ = {
			isa = PBXSourcesBuildPhase;
			buildActionMask = 2147483647;
			files = (
				024B3E632923AD0500D79A04 /* ReactorKitPracticeViewController.swift in Sources */,
				02612DA6291FBB2C00E9C36E /* MyStorageCellReactor.swift in Sources */,
				02612D9F291E7C6B00E9C36E /* MyStorageCell.swift in Sources */,
				024B3E682923B24500D79A04 /* ReactorKitPracticeReactor.swift in Sources */,
				0267DBE9291681B200F257AD /* ContentService.swift in Sources */,
				02612DA4291FAC5300E9C36E /* MyStorageTableViewHeader.swift in Sources */,
				02B9F79F290ED416005973AE /* ViewController.swift in Sources */,
				02C53F252911613400974031 /* PropertyWrapper.swift in Sources */,
				02B9F79B290ED416005973AE /* AppDelegate.swift in Sources */,
				0267DBF32917F27800F257AD /* HomeViewController.swift in Sources */,
				02A38A3C291413E800B02951 /* MyStorageReactor.swift in Sources */,
				02612DA2291E7E6300E9C36E /* StorageInfo.swift in Sources */,
				02C53F1E29115D6C00974031 /* ProtocolManager.swift in Sources */,
				0267DBFE2918011400F257AD /* HomeReactor.swift in Sources */,
				0267DBE529161CB300F257AD /* AutoSizingContainerView.swift in Sources */,
				02612D9A291E7A8300E9C36E /* MyStorageTableVIewController.swift in Sources */,
				0267DBE7291680A800F257AD /* AutoSizingView.swift in Sources */,
				02612D9C291E7C3000E9C36E /* MyStorageTableView.swift in Sources */,
				02C53F2229115F8F00974031 /* UserSettingViewController.swift in Sources */,
				0267DBF62917F2C600F257AD /* HomeRootContainerView.swift in Sources */,
				02B9F79D290ED416005973AE /* SceneDelegate.swift in Sources */,
				0267DBF82917F42200F257AD /* HomeContentView.swift in Sources */,
			);
			runOnlyForDeploymentPostprocessing = 0;
		};
/* End PBXSourcesBuildPhase section */

/* Begin PBXVariantGroup section */
		02B9F7A5290ED417005973AE /* LaunchScreen.storyboard */ = {
			isa = PBXVariantGroup;
			children = (
				02B9F7A6290ED417005973AE /* Base */,
			);
			name = LaunchScreen.storyboard;
			sourceTree = "<group>";
		};
/* End PBXVariantGroup section */

/* Begin XCBuildConfiguration section */
		02B9F7A9290ED417005973AE /* Debug */ = {
			isa = XCBuildConfiguration;
			buildSettings = {
				ALWAYS_SEARCH_USER_PATHS = NO;
				CLANG_ANALYZER_NONNULL = YES;
				CLANG_ANALYZER_NUMBER_OBJECT_CONVERSION = YES_AGGRESSIVE;
				CLANG_CXX_LANGUAGE_STANDARD = "gnu++20";
				CLANG_ENABLE_MODULES = YES;
				CLANG_ENABLE_OBJC_ARC = YES;
				CLANG_ENABLE_OBJC_WEAK = YES;
				CLANG_WARN_BLOCK_CAPTURE_AUTORELEASING = YES;
				CLANG_WARN_BOOL_CONVERSION = YES;
				CLANG_WARN_COMMA = YES;
				CLANG_WARN_CONSTANT_CONVERSION = YES;
				CLANG_WARN_DEPRECATED_OBJC_IMPLEMENTATIONS = YES;
				CLANG_WARN_DIRECT_OBJC_ISA_USAGE = YES_ERROR;
				CLANG_WARN_DOCUMENTATION_COMMENTS = YES;
				CLANG_WARN_EMPTY_BODY = YES;
				CLANG_WARN_ENUM_CONVERSION = YES;
				CLANG_WARN_INFINITE_RECURSION = YES;
				CLANG_WARN_INT_CONVERSION = YES;
				CLANG_WARN_NON_LITERAL_NULL_CONVERSION = YES;
				CLANG_WARN_OBJC_IMPLICIT_RETAIN_SELF = YES;
				CLANG_WARN_OBJC_LITERAL_CONVERSION = YES;
				CLANG_WARN_OBJC_ROOT_CLASS = YES_ERROR;
				CLANG_WARN_QUOTED_INCLUDE_IN_FRAMEWORK_HEADER = YES;
				CLANG_WARN_RANGE_LOOP_ANALYSIS = YES;
				CLANG_WARN_STRICT_PROTOTYPES = YES;
				CLANG_WARN_SUSPICIOUS_MOVE = YES;
				CLANG_WARN_UNGUARDED_AVAILABILITY = YES_AGGRESSIVE;
				CLANG_WARN_UNREACHABLE_CODE = YES;
				CLANG_WARN__DUPLICATE_METHOD_MATCH = YES;
				COPY_PHASE_STRIP = NO;
				DEBUG_INFORMATION_FORMAT = dwarf;
				ENABLE_STRICT_OBJC_MSGSEND = YES;
				ENABLE_TESTABILITY = YES;
				GCC_C_LANGUAGE_STANDARD = gnu11;
				GCC_DYNAMIC_NO_PIC = NO;
				GCC_NO_COMMON_BLOCKS = YES;
				GCC_OPTIMIZATION_LEVEL = 0;
				GCC_PREPROCESSOR_DEFINITIONS = (
					"DEBUG=1",
					"$(inherited)",
				);
				GCC_WARN_64_TO_32_BIT_CONVERSION = YES;
				GCC_WARN_ABOUT_RETURN_TYPE = YES_ERROR;
				GCC_WARN_UNDECLARED_SELECTOR = YES;
				GCC_WARN_UNINITIALIZED_AUTOS = YES_AGGRESSIVE;
				GCC_WARN_UNUSED_FUNCTION = YES;
				GCC_WARN_UNUSED_VARIABLE = YES;
				IPHONEOS_DEPLOYMENT_TARGET = 16.0;
				MTL_ENABLE_DEBUG_INFO = INCLUDE_SOURCE;
				MTL_FAST_MATH = YES;
				ONLY_ACTIVE_ARCH = YES;
				SDKROOT = iphoneos;
				SWIFT_ACTIVE_COMPILATION_CONDITIONS = DEBUG;
				SWIFT_INSTALL_OBJC_HEADER = YES;
				SWIFT_OPTIMIZATION_LEVEL = "-Onone";
			};
			name = Debug;
		};
		02B9F7AA290ED417005973AE /* Release */ = {
			isa = XCBuildConfiguration;
			buildSettings = {
				ALWAYS_SEARCH_USER_PATHS = NO;
				CLANG_ANALYZER_NONNULL = YES;
				CLANG_ANALYZER_NUMBER_OBJECT_CONVERSION = YES_AGGRESSIVE;
				CLANG_CXX_LANGUAGE_STANDARD = "gnu++20";
				CLANG_ENABLE_MODULES = YES;
				CLANG_ENABLE_OBJC_ARC = YES;
				CLANG_ENABLE_OBJC_WEAK = YES;
				CLANG_WARN_BLOCK_CAPTURE_AUTORELEASING = YES;
				CLANG_WARN_BOOL_CONVERSION = YES;
				CLANG_WARN_COMMA = YES;
				CLANG_WARN_CONSTANT_CONVERSION = YES;
				CLANG_WARN_DEPRECATED_OBJC_IMPLEMENTATIONS = YES;
				CLANG_WARN_DIRECT_OBJC_ISA_USAGE = YES_ERROR;
				CLANG_WARN_DOCUMENTATION_COMMENTS = YES;
				CLANG_WARN_EMPTY_BODY = YES;
				CLANG_WARN_ENUM_CONVERSION = YES;
				CLANG_WARN_INFINITE_RECURSION = YES;
				CLANG_WARN_INT_CONVERSION = YES;
				CLANG_WARN_NON_LITERAL_NULL_CONVERSION = YES;
				CLANG_WARN_OBJC_IMPLICIT_RETAIN_SELF = YES;
				CLANG_WARN_OBJC_LITERAL_CONVERSION = YES;
				CLANG_WARN_OBJC_ROOT_CLASS = YES_ERROR;
				CLANG_WARN_QUOTED_INCLUDE_IN_FRAMEWORK_HEADER = YES;
				CLANG_WARN_RANGE_LOOP_ANALYSIS = YES;
				CLANG_WARN_STRICT_PROTOTYPES = YES;
				CLANG_WARN_SUSPICIOUS_MOVE = YES;
				CLANG_WARN_UNGUARDED_AVAILABILITY = YES_AGGRESSIVE;
				CLANG_WARN_UNREACHABLE_CODE = YES;
				CLANG_WARN__DUPLICATE_METHOD_MATCH = YES;
				COPY_PHASE_STRIP = NO;
				DEBUG_INFORMATION_FORMAT = "dwarf-with-dsym";
				ENABLE_NS_ASSERTIONS = NO;
				ENABLE_STRICT_OBJC_MSGSEND = YES;
				GCC_C_LANGUAGE_STANDARD = gnu11;
				GCC_NO_COMMON_BLOCKS = YES;
				GCC_WARN_64_TO_32_BIT_CONVERSION = YES;
				GCC_WARN_ABOUT_RETURN_TYPE = YES_ERROR;
				GCC_WARN_UNDECLARED_SELECTOR = YES;
				GCC_WARN_UNINITIALIZED_AUTOS = YES_AGGRESSIVE;
				GCC_WARN_UNUSED_FUNCTION = YES;
				GCC_WARN_UNUSED_VARIABLE = YES;
				IPHONEOS_DEPLOYMENT_TARGET = 16.0;
				MTL_ENABLE_DEBUG_INFO = NO;
				MTL_FAST_MATH = YES;
				SDKROOT = iphoneos;
				SWIFT_COMPILATION_MODE = wholemodule;
				SWIFT_INSTALL_OBJC_HEADER = YES;
				SWIFT_OPTIMIZATION_LEVEL = "-O";
				VALIDATE_PRODUCT = YES;
			};
			name = Release;
		};
		02B9F7AC290ED417005973AE /* Debug */ = {
			isa = XCBuildConfiguration;
			baseConfigurationReference = 633F9053CDFD8CEE9D1D27A8 /* Pods-WhatsInMyStorage.debug.xcconfig */;
			buildSettings = {
				ASSETCATALOG_COMPILER_APPICON_NAME = AppIcon;
				ASSETCATALOG_COMPILER_GLOBAL_ACCENT_COLOR_NAME = AccentColor;
				ASSETCATALOG_COMPILER_INCLUDE_ALL_APPICON_ASSETS = NO;
				CODE_SIGN_STYLE = Automatic;
				CURRENT_PROJECT_VERSION = 1;
				DEVELOPMENT_TEAM = 8AN45VBDM4;
				GENERATE_INFOPLIST_FILE = YES;
				INFOPLIST_FILE = WhatsInMyStorage/Info.plist;
				INFOPLIST_KEY_UIApplicationSupportsIndirectInputEvents = YES;
				INFOPLIST_KEY_UILaunchStoryboardName = LaunchScreen;
				INFOPLIST_KEY_UIStatusBarStyle = "";
				INFOPLIST_KEY_UISupportedInterfaceOrientations_iPad = "UIInterfaceOrientationPortrait UIInterfaceOrientationPortraitUpsideDown UIInterfaceOrientationLandscapeLeft UIInterfaceOrientationLandscapeRight";
				INFOPLIST_KEY_UISupportedInterfaceOrientations_iPhone = "UIInterfaceOrientationPortrait UIInterfaceOrientationLandscapeLeft UIInterfaceOrientationLandscapeRight";
				IPHONEOS_DEPLOYMENT_TARGET = 14.0;
				LD_RUNPATH_SEARCH_PATHS = (
					"$(inherited)",
					"@executable_path/Frameworks",
				);
				MARKETING_VERSION = 1.0;
				PRODUCT_BUNDLE_IDENTIFIER = hyunndyiOS.WhatsInMyStorage;
				PRODUCT_NAME = "$(TARGET_NAME)";
				SWIFT_EMIT_LOC_STRINGS = YES;
				SWIFT_INSTALL_OBJC_HEADER = YES;
				SWIFT_VERSION = 5.0;
				TARGETED_DEVICE_FAMILY = "1,2";
			};
			name = Debug;
		};
		02B9F7AD290ED417005973AE /* Release */ = {
			isa = XCBuildConfiguration;
			baseConfigurationReference = 8AACA4092C3EC7BC2CB272E2 /* Pods-WhatsInMyStorage.release.xcconfig */;
			buildSettings = {
				ASSETCATALOG_COMPILER_APPICON_NAME = AppIcon;
				ASSETCATALOG_COMPILER_GLOBAL_ACCENT_COLOR_NAME = AccentColor;
				ASSETCATALOG_COMPILER_INCLUDE_ALL_APPICON_ASSETS = NO;
				CODE_SIGN_STYLE = Automatic;
				CURRENT_PROJECT_VERSION = 1;
				DEVELOPMENT_TEAM = 8AN45VBDM4;
				GENERATE_INFOPLIST_FILE = YES;
				INFOPLIST_FILE = WhatsInMyStorage/Info.plist;
				INFOPLIST_KEY_UIApplicationSupportsIndirectInputEvents = YES;
				INFOPLIST_KEY_UILaunchStoryboardName = LaunchScreen;
				INFOPLIST_KEY_UIStatusBarStyle = "";
				INFOPLIST_KEY_UISupportedInterfaceOrientations_iPad = "UIInterfaceOrientationPortrait UIInterfaceOrientationPortraitUpsideDown UIInterfaceOrientationLandscapeLeft UIInterfaceOrientationLandscapeRight";
				INFOPLIST_KEY_UISupportedInterfaceOrientations_iPhone = "UIInterfaceOrientationPortrait UIInterfaceOrientationLandscapeLeft UIInterfaceOrientationLandscapeRight";
				IPHONEOS_DEPLOYMENT_TARGET = 14.0;
				LD_RUNPATH_SEARCH_PATHS = (
					"$(inherited)",
					"@executable_path/Frameworks",
				);
				MARKETING_VERSION = 1.0;
				PRODUCT_BUNDLE_IDENTIFIER = hyunndyiOS.WhatsInMyStorage;
				PRODUCT_NAME = "$(TARGET_NAME)";
				SWIFT_EMIT_LOC_STRINGS = YES;
				SWIFT_INSTALL_OBJC_HEADER = YES;
				SWIFT_VERSION = 5.0;
				TARGETED_DEVICE_FAMILY = "1,2";
			};
			name = Release;
		};
/* End XCBuildConfiguration section */

/* Begin XCConfigurationList section */
		02B9F792290ED416005973AE /* Build configuration list for PBXProject "WhatsInMyStorage" */ = {
			isa = XCConfigurationList;
			buildConfigurations = (
				02B9F7A9290ED417005973AE /* Debug */,
				02B9F7AA290ED417005973AE /* Release */,
			);
			defaultConfigurationIsVisible = 0;
			defaultConfigurationName = Release;
		};
		02B9F7AB290ED417005973AE /* Build configuration list for PBXNativeTarget "WhatsInMyStorage" */ = {
			isa = XCConfigurationList;
			buildConfigurations = (
				02B9F7AC290ED417005973AE /* Debug */,
				02B9F7AD290ED417005973AE /* Release */,
			);
			defaultConfigurationIsVisible = 0;
			defaultConfigurationName = Release;
		};
/* End XCConfigurationList section */

/* Begin XCRemoteSwiftPackageReference section */
		02C53F262912D54300974031 /* XCRemoteSwiftPackageReference "PinLayout" */ = {
			isa = XCRemoteSwiftPackageReference;
			repositoryURL = "https://github.com/layoutBox/PinLayout";
			requirement = {
				kind = upToNextMajorVersion;
				minimumVersion = 1.0.0;
			};
		};
		02C53F292912D63D00974031 /* XCRemoteSwiftPackageReference "Then" */ = {
			isa = XCRemoteSwiftPackageReference;
			repositoryURL = "https://github.com/devxoul/Then";
			requirement = {
				kind = upToNextMajorVersion;
				minimumVersion = 3.0.0;
			};
		};
		02C53F2C2912D9B100974031 /* XCRemoteSwiftPackageReference "FlexLayout" */ = {
			isa = XCRemoteSwiftPackageReference;
			repositoryURL = "https://github.com/layoutBox/FlexLayout.git";
			requirement = {
				kind = upToNextMajorVersion;
				minimumVersion = 1.0.0;
			};
		};
/* End XCRemoteSwiftPackageReference section */
	};
	rootObject = 02B9F78F290ED416005973AE /* Project object */;
}
